
Microsoft Visual Studio Solution File, Format Version 12.00
# Visual Studio 15
VisualStudioVersion = 15.0.27130.2024
MinimumVisualStudioVersion = 10.0.40219.1
Project("{2150E333-8FDC-42A3-9474-1A3956D46DE8}") = "1 - Presentation", "1 - Presentation", "{084A6E7F-880E-486A-9E03-8BCA761C5745}"
EndProject
Project("{2150E333-8FDC-42A3-9474-1A3956D46DE8}") = "2 - Services", "2 - Services", "{A65A0F45-13FD-4F61-9F70-A9196955A566}"
EndProject
Project("{2150E333-8FDC-42A3-9474-1A3956D46DE8}") = "3 - Application", "3 - Application", "{94EEB89B-DE3F-406C-87E9-9835EF7D1ED3}"
EndProject
Project("{2150E333-8FDC-42A3-9474-1A3956D46DE8}") = "4 - Domain", "4 - Domain", "{5BFEA6B7-BDE0-4232-91F7-6DD827DE8B5C}"
EndProject
Project("{2150E333-8FDC-42A3-9474-1A3956D46DE8}") = "5 - Infra", "5 - Infra", "{313734EC-06BC-43AF-AE8A-A45628B507BC}"
EndProject
Project("{2150E333-8FDC-42A3-9474-1A3956D46DE8}") = "5.1 - Data", "5.1 - Data", "{7570DBFF-43FA-4251-99E1-548E298490C9}"
EndProject
Project("{2150E333-8FDC-42A3-9474-1A3956D46DE8}") = "5.2 - CrossCutting", "5.2 - CrossCutting", "{418F3359-3E16-4D49-BAA1-86950489D0C9}"
EndProject
Project("{9A19103F-16F7-4668-BE54-9A1E7A4F7556}") = "CS.Eventos.IO.Domain", "src\CS.Eventos.IO.Domain\CS.Eventos.IO.Domain.csproj", "{B66E6050-0ED1-41FA-A1EA-73B3C7F5D5F6}"
EndProject
Project("{9A19103F-16F7-4668-BE54-9A1E7A4F7556}") = "CS.Eventos.IO.Domain.Core", "src\CS.Eventos.IO.Domain.Core\CS.Eventos.IO.Domain.Core.csproj", "{D296FA36-0068-41E7-9B98-A9D8AB270917}"
EndProject
Global
	GlobalSection(SolutionConfigurationPlatforms) = preSolution
		Debug|Any CPU = Debug|Any CPU
		Release|Any CPU = Release|Any CPU
	EndGlobalSection
	GlobalSection(ProjectConfigurationPlatforms) = postSolution
		{B66E6050-0ED1-41FA-A1EA-73B3C7F5D5F6}.Debug|Any CPU.ActiveCfg = Debug|Any CPU
		{B66E6050-0ED1-41FA-A1EA-73B3C7F5D5F6}.Debug|Any CPU.Build.0 = Debug|Any CPU
		{B66E6050-0ED1-41FA-A1EA-73B3C7F5D5F6}.Release|Any CPU.ActiveCfg = Release|Any CPU
		{B66E6050-0ED1-41FA-A1EA-73B3C7F5D5F6}.Release|Any CPU.Build.0 = Release|Any CPU
		{D296FA36-0068-41E7-9B98-A9D8AB270917}.Debug|Any CPU.ActiveCfg = Debug|Any CPU
		{D296FA36-0068-41E7-9B98-A9D8AB270917}.Debug|Any CPU.Build.0 = Debug|Any CPU
		{D296FA36-0068-41E7-9B98-A9D8AB270917}.Release|Any CPU.ActiveCfg = Release|Any CPU
		{D296FA36-0068-41E7-9B98-A9D8AB270917}.Release|Any CPU.Build.0 = Release|Any CPU
	EndGlobalSection
	GlobalSection(SolutionProperties) = preSolution
		HideSolutionNode = FALSE
	EndGlobalSection
	GlobalSection(NestedProjects) = preSolution
		{7570DBFF-43FA-4251-99E1-548E298490C9} = {313734EC-06BC-43AF-AE8A-A45628B507BC}
		{418F3359-3E16-4D49-BAA1-86950489D0C9} = {313734EC-06BC-43AF-AE8A-A45628B507BC}
		{B66E6050-0ED1-41FA-A1EA-73B3C7F5D5F6} = {5BFEA6B7-BDE0-4232-91F7-6DD827DE8B5C}
		{D296FA36-0068-41E7-9B98-A9D8AB270917} = {5BFEA6B7-BDE0-4232-91F7-6DD827DE8B5C}
	EndGlobalSection
	GlobalSection(ExtensibilityGlobals) = postSolution
		SolutionGuid = {932817B2-9837-4E2F-A711-C2583A2284F7}
	EndGlobalSection
EndGlobal
